
Microsoft Visual Studio Solution File, Format Version 12.00
# Visual Studio Version 17
VisualStudioVersion = 17.9.34728.123
MinimumVisualStudioVersion = 10.0.40219.1
Project("{9A19103F-16F7-4668-BE54-9A1E7A4F7556}") = "mauiWebView", "mauiWebView\mauiWebView.csproj", "{165ACB9E-472A-4382-8F1E-1DEEB6BC8DA9}"
EndProject
Global
	GlobalSection(SolutionConfigurationPlatforms) = preSolution
		Debug|Any CPU = Debug|Any CPU
		Release|Any CPU = Release|Any CPU
	EndGlobalSection
	GlobalSection(ProjectConfigurationPlatforms) = postSolution
		{165ACB9E-472A-4382-8F1E-1DEEB6BC8DA9}.Debug|Any CPU.ActiveCfg = Debug|Any CPU
		{165ACB9E-472A-4382-8F1E-1DEEB6BC8DA9}.Debug|Any CPU.Build.0 = Debug|Any CPU
		{165ACB9E-472A-4382-8F1E-1DEEB6BC8DA9}.Debug|Any CPU.Deploy.0 = Debug|Any CPU
		{165ACB9E-472A-4382-8F1E-1DEEB6BC8DA9}.Release|Any CPU.ActiveCfg = Release|Any CPU
		{165ACB9E-472A-4382-8F1E-1DEEB6BC8DA9}.Release|Any CPU.Build.0 = Release|Any CPU
		{165ACB9E-472A-4382-8F1E-1DEEB6BC8DA9}.Release|Any CPU.Deploy.0 = Release|Any CPU
	EndGlobalSection
	GlobalSection(SolutionProperties) = preSolution
		HideSolutionNode = FALSE
	EndGlobalSection
	GlobalSection(ExtensibilityGlobals) = postSolution
		SolutionGuid = {FBBF0B89-E4F7-41FA-A775-1D97F0996F71}
	EndGlobalSection
EndGlobal
